{
  "originHash" : "c21d0cf82a27dc3b15d3b8208800f2493b5e00099d70d26aab6f35be29dc6681",
  "pins" : [
    {
      "identity" : "purchases-ios-spm",
      "kind" : "remoteSourceControl",
      "location" : "https://github.com/RevenueCat/purchases-ios-spm.git",
      "state" : {
        "revision" : "b2a5f6c6fb4de109fc6dd6491d7f0657fbc983bf",
        "version" : "5.35.0"
      }
    },
    {
      "identity" : "swiftuimodal",
      "kind" : "remoteSourceControl",
      "location" : "https://github.com/nonameplum/SwiftUIModal",
      "state" : {
        "revision" : "cd89b0f163843af3b621fc43e778cde918ebf977",
        "version" : "1.0.3"
      }
    },
    {
      "identity" : "swiftuipager",
      "kind" : "remoteSourceControl",
      "location" : "https://github.com/fermoya/SwiftUIPager.git",
      "state" : {
        "revision" : "4ddc04c801aac143090bb14cf26603a3bf9c74cb",
        "version" : "2.5.0"
      }
    },
    {
      "identity" : "swinject",
      "kind" : "remoteSourceControl",
      "location" : "https://github.com/Swinject/Swinject.git",
      "state" : {
        "revision" : "be9dbcc7b86811bc131539a20c6f9c2d3e56919f",
        "version" : "2.9.1"
      }
    }
  ],
  "version" : 3
}
